// !$*UTF8*$!
{
	archiveVersion = 1;
	classes = {
	};
	objectVersion = 77;
	objects = {

/* Begin PBXBuildFile section */
		5C2E34022E1547B900CB3A24 /* Sparkle in Frameworks */ = {isa = PBXBuildFile; platformFilters = (macos, ); productRef = 5C2E34012E1547B900CB3A24 /* Sparkle */; };
		5C2E35682E16987100CB3A24 /* SafariExtension.appex in Embed Foundation Extensions */ = {isa = PBXBuildFile; fileRef = 5C2E35502E16987100CB3A24 /* SafariExtension.appex */; settings = {ATTRIBUTES = (RemoveHeadersOnCopy, ); }; };
		5C2E3EC52E1A055D00CB3A24 /* APIResponseFormatter.swift in Sources */ = {isa = PBXBuildFile; fileRef = 5C2E3EC22E1A055D00CB3A24 /* APIResponseFormatter.swift */; };
		5C2E3EC62E1A055D00CB3A24 /* LanguageModelSession.swift in Sources */ = {isa = PBXBuildFile; fileRef = 5C2E3EC32E1A055D00CB3A24 /* LanguageModelSession.swift */; };
		5C2E3EC72E1A055D00CB3A24 /* APIResponseFormatter.swift in Sources */ = {isa = PBXBuildFile; fileRef = 5C2E3EC22E1A055D00CB3A24 /* APIResponseFormatter.swift */; };
		5C2E3EC82E1A055D00CB3A24 /* LanguageModelSession.swift in Sources */ = {isa = PBXBuildFile; fileRef = 5C2E3EC32E1A055D00CB3A24 /* LanguageModelSession.swift */; };
/* End PBXBuildFile section */

/* Begin PBXContainerItemProxy section */
		5C2E35662E16987100CB3A24 /* PBXContainerItemProxy */ = {
			isa = PBXContainerItemProxy;
			containerPortal = 5CFFE6842E1303FB005BAD3F /* Project object */;
			proxyType = 1;
			remoteGlobalIDString = 5C2E354F2E16987100CB3A24;
			remoteInfo = SafariExtension;
		};
		5C8B12402E1ABC1234567896 /* PBXContainerItemProxy */ = {
			isa = PBXContainerItemProxy;
			containerPortal = 5CFFE6842E1303FB005BAD3F /* Project object */;
			proxyType = 1;
			remoteGlobalIDString = 5C8B12362E1ABC1234567892;
			remoteInfo = NativeFoundationModelsNative;
		};
/* End PBXContainerItemProxy section */

/* Begin PBXCopyFilesBuildPhase section */
		5C2E356D2E16987100CB3A24 /* Embed Foundation Extensions */ = {
			isa = PBXCopyFilesBuildPhase;
			buildActionMask = 2147483647;
			dstPath = "";
			dstSubfolderSpec = 13;
			files = (
				5C2E35682E16987100CB3A24 /* SafariExtension.appex in Embed Foundation Extensions */,
			);
			name = "Embed Foundation Extensions";
			runOnlyForDeploymentPostprocessing = 0;
		};
/* End PBXCopyFilesBuildPhase section */

/* Begin PBXFileReference section */
		5C2E35502E16987100CB3A24 /* SafariExtension.appex */ = {isa = PBXFileReference; explicitFileType = "wrapper.app-extension"; includeInIndex = 0; path = SafariExtension.appex; sourceTree = BUILT_PRODUCTS_DIR; };
		5C2E3EC22E1A055D00CB3A24 /* APIResponseFormatter.swift */ = {isa = PBXFileReference; lastKnownFileType = sourcecode.swift; path = APIResponseFormatter.swift; sourceTree = "<group>"; };
		5C2E3EC32E1A055D00CB3A24 /* LanguageModelSession.swift */ = {isa = PBXFileReference; lastKnownFileType = sourcecode.swift; path = LanguageModelSession.swift; sourceTree = "<group>"; };
		5C8B12342E1ABC1234567890 /* NativeFoundationModelsNative */ = {isa = PBXFileReference; explicitFileType = "compiled.mach-o.executable"; includeInIndex = 0; path = NativeFoundationModelsNative; sourceTree = BUILT_PRODUCTS_DIR; };
		5CFFE68C2E1303FB005BAD3F /* LocalLLM.app */ = {isa = PBXFileReference; explicitFileType = wrapper.application; includeInIndex = 0; path = LocalLLM.app; sourceTree = BUILT_PRODUCTS_DIR; };
/* End PBXFileReference section */

/* Begin PBXFileSystemSynchronizedBuildFileExceptionSet section */
		5C2E39ED2E18C0F900CB3A24 /* Exceptions for "NativeFoundationModels" folder in "LocalLLM" target */ = {
			isa = PBXFileSystemSynchronizedBuildFileExceptionSet;
			membershipExceptions = (
				Info.plist,
			);
			platformFiltersByRelativePath = {
				AppMover.swift = (macos, );
				BrowserSelectorView.swift = (macos, );
				CheckForUpdatesView.swift = (macos, );
			};
			target = 5CFFE68B2E1303FB005BAD3F /* LocalLLM */;
		};
		5C2E39EE2E18C0FE00CB3A24 /* Exceptions for "SafariExtension" folder in "SafariExtension" target */ = {
			isa = PBXFileSystemSynchronizedBuildFileExceptionSet;
			membershipExceptions = (
				Info.plist,
			);
			target = 5C2E354F2E16987100CB3A24 /* SafariExtension */;
		};
/* End PBXFileSystemSynchronizedBuildFileExceptionSet section */

/* Begin PBXFileSystemSynchronizedRootGroup section */
		5C2E35512E16987100CB3A24 /* SafariExtension */ = {
			isa = PBXFileSystemSynchronizedRootGroup;
			exceptions = (
				5C2E39EE2E18C0FE00CB3A24 /* Exceptions for "SafariExtension" folder in "SafariExtension" target */,
			);
			explicitFolders = (
				Resources/_locales,
				Resources/images,
			);
			path = SafariExtension;
			sourceTree = "<group>";
		};
		5C8B12352E1ABC1234567891 /* NativeChromeHost */ = {
			isa = PBXFileSystemSynchronizedRootGroup;
			path = NativeChromeHost;
			sourceTree = "<group>";
		};
		5CFFE68E2E1303FB005BAD3F /* NativeFoundationModels */ = {
			isa = PBXFileSystemSynchronizedRootGroup;
			exceptions = (
				5C2E39ED2E18C0F900CB3A24 /* Exceptions for "NativeFoundationModels" folder in "LocalLLM" target */,
			);
			path = NativeFoundationModels;
			sourceTree = "<group>";
		};
/* End PBXFileSystemSynchronizedRootGroup section */

/* Begin PBXFrameworksBuildPhase section */
		5C2E354D2E16987100CB3A24 /* Frameworks */ = {
			isa = PBXFrameworksBuildPhase;
			buildActionMask = 2147483647;
			files = (
			);
			runOnlyForDeploymentPostprocessing = 0;
		};
		5C8B12392E1ABC1234567895 /* Frameworks */ = {
			isa = PBXFrameworksBuildPhase;
			buildActionMask = 2147483647;
			files = (
			);
			runOnlyForDeploymentPostprocessing = 0;
		};
		5CFFE6892E1303FB005BAD3F /* Frameworks */ = {
			isa = PBXFrameworksBuildPhase;
			buildActionMask = 2147483647;
			files = (
				5C2E34022E1547B900CB3A24 /* Sparkle in Frameworks */,
			);
			runOnlyForDeploymentPostprocessing = 0;
		};
/* End PBXFrameworksBuildPhase section */

/* Begin PBXGroup section */
		5C2E3EC42E1A055D00CB3A24 /* Shared */ = {
			isa = PBXGroup;
			children = (
				5C2E3EC22E1A055D00CB3A24 /* APIResponseFormatter.swift */,
				5C2E3EC32E1A055D00CB3A24 /* LanguageModelSession.swift */,
			);
			path = Shared;
			sourceTree = "<group>";
		};
		5CFFE6832E1303FB005BAD3F = {
			isa = PBXGroup;
			children = (
				5CFFE68E2E1303FB005BAD3F /* NativeFoundationModels */,
				5C2E35512E16987100CB3A24 /* SafariExtension */,
				5C8B12352E1ABC1234567891 /* NativeChromeHost */,
				5CFFE68D2E1303FB005BAD3F /* Products */,
				5C2E3EC42E1A055D00CB3A24 /* Shared */,
			);
			sourceTree = "<group>";
		};
		5CFFE68D2E1303FB005BAD3F /* Products */ = {
			isa = PBXGroup;
			children = (
				5CFFE68C2E1303FB005BAD3F /* LocalLLM.app */,
				5C2E35502E16987100CB3A24 /* SafariExtension.appex */,
				5C8B12342E1ABC1234567890 /* NativeFoundationModelsNative */,
			);
			name = Products;
			sourceTree = "<group>";
		};
/* End PBXGroup section */

/* Begin PBXNativeTarget section */
		5C2E354F2E16987100CB3A24 /* SafariExtension */ = {
			isa = PBXNativeTarget;
			buildConfigurationList = 5C2E356A2E16987100CB3A24 /* Build configuration list for PBXNativeTarget "SafariExtension" */;
			buildPhases = (
				5C2E354C2E16987100CB3A24 /* Sources */,
				5C2E354D2E16987100CB3A24 /* Frameworks */,
				5C2E354E2E16987100CB3A24 /* Resources */,
			);
			buildRules = (
			);
			dependencies = (
			);
			fileSystemSynchronizedGroups = (
				5C2E35512E16987100CB3A24 /* SafariExtension */,
			);
			name = SafariExtension;
			packageProductDependencies = (
			);
			productName = SafariExtension;
			productReference = 5C2E35502E16987100CB3A24 /* SafariExtension.appex */;
			productType = "com.apple.product-type.app-extension";
		};
		5C8B12362E1ABC1234567892 /* NativeFoundationModelsNative */ = {
			isa = PBXNativeTarget;
			buildConfigurationList = 5C8B12372E1ABC1234567893 /* Build configuration list for PBXNativeTarget "NativeFoundationModelsNative" */;
			buildPhases = (
				5C8B12382E1ABC1234567894 /* Sources */,
				5C8B12392E1ABC1234567895 /* Frameworks */,
			);
			buildRules = (
			);
			dependencies = (
			);
			fileSystemSynchronizedGroups = (
				5C8B12352E1ABC1234567891 /* NativeChromeHost */,
			);
			name = NativeFoundationModelsNative;
			productName = NativeFoundationModelsNative;
			productReference = 5C8B12342E1ABC1234567890 /* NativeFoundationModelsNative */;
			productType = "com.apple.product-type.tool";
		};
		5CFFE68B2E1303FB005BAD3F /* LocalLLM */ = {
			isa = PBXNativeTarget;
			buildConfigurationList = 5CFFE6972E1303FC005BAD3F /* Build configuration list for PBXNativeTarget "LocalLLM" */;
			buildPhases = (
				5CFFE6882E1303FB005BAD3F /* Sources */,
				5CFFE6892E1303FB005BAD3F /* Frameworks */,
				5CFFE68A2E1303FB005BAD3F /* Resources */,
				5CFFE6A92E130F1D005BAD3F /* Bundle Native Host binary */,
				5C2E356D2E16987100CB3A24 /* Embed Foundation Extensions */,
			);
			buildRules = (
			);
			dependencies = (
				5C2E35672E16987100CB3A24 /* PBXTargetDependency */,
				5C8B12412E1ABC1234567897 /* PBXTargetDependency */,
			);
			fileSystemSynchronizedGroups = (
				5CFFE68E2E1303FB005BAD3F /* NativeFoundationModels */,
			);
			name = LocalLLM;
			packageProductDependencies = (
				5C2E34012E1547B900CB3A24 /* Sparkle */,
			);
			productName = NativeFoundationModels;
			productReference = 5CFFE68C2E1303FB005BAD3F /* LocalLLM.app */;
			productType = "com.apple.product-type.application";
		};
/* End PBXNativeTarget section */

/* Begin PBXProject section */
		5CFFE6842E1303FB005BAD3F /* Project object */ = {
			isa = PBXProject;
			attributes = {
				BuildIndependentTargetsInParallel = 1;
				LastSwiftUpdateCheck = 2600;
				LastUpgradeCheck = 2600;
				TargetAttributes = {
					5C2E354F2E16987100CB3A24 = {
						CreatedOnToolsVersion = 26.0;
						LastSwiftMigration = 2600;
					};
					5C8B12362E1ABC1234567892 = {
						CreatedOnToolsVersion = 26.0;
					};
					5CFFE68B2E1303FB005BAD3F = {
						CreatedOnToolsVersion = 26.0;
					};
				};
			};
			buildConfigurationList = 5CFFE6872E1303FB005BAD3F /* Build configuration list for PBXProject "LocalLLM" */;
			developmentRegion = en;
			hasScannedForEncodings = 0;
			knownRegions = (
				en,
				Base,
			);
			mainGroup = 5CFFE6832E1303FB005BAD3F;
			minimizedProjectReferenceProxies = 1;
			packageReferences = (
				5C2E34002E1547B900CB3A24 /* XCRemoteSwiftPackageReference "Sparkle" */,
			);
			preferredProjectObjectVersion = 77;
			productRefGroup = 5CFFE68D2E1303FB005BAD3F /* Products */;
			projectDirPath = "";
			projectRoot = "";
			targets = (
				5CFFE68B2E1303FB005BAD3F /* LocalLLM */,
				5C2E354F2E16987100CB3A24 /* SafariExtension */,
				5C8B12362E1ABC1234567892 /* NativeFoundationModelsNative */,
			);
		};
/* End PBXProject section */

/* Begin PBXResourcesBuildPhase section */
		5C2E354E2E16987100CB3A24 /* Resources */ = {
			isa = PBXResourcesBuildPhase;
			buildActionMask = 2147483647;
			files = (
			);
			runOnlyForDeploymentPostprocessing = 0;
		};
		5CFFE68A2E1303FB005BAD3F /* Resources */ = {
			isa = PBXResourcesBuildPhase;
			buildActionMask = 2147483647;
			files = (
			);
			runOnlyForDeploymentPostprocessing = 0;
		};
/* End PBXResourcesBuildPhase section */

/* Begin PBXShellScriptBuildPhase section */
		5CFFE6A92E130F1D005BAD3F /* Bundle Native Host binary */ = {
			isa = PBXShellScriptBuildPhase;
			buildActionMask = 2147483647;
			files = (
			);
			inputFileListPaths = (
			);
			inputPaths = (
			);
			name = "Bundle Native Host binary";
			outputFileListPaths = (
			);
			outputPaths = (
				"$(BUILT_PRODUCTS_DIR)/$(PRODUCT_NAME).app/Contents/Resources/nativefoundationmodels-native",
			);
			runOnlyForDeploymentPostprocessing = 0;
			shellPath = /bin/sh;
			shellScript = "set -e\n\n# Only run on macOS\nif [ \"$PLATFORM_NAME\" != \"macosx\" ]; then\n    echo \"Skipping native binary bundling for platform: $PLATFORM_NAME\"\n    exit 0\nfi\n\n# The native binary should already be built due to target dependency\nSOURCE_BINARY=\"${BUILT_PRODUCTS_DIR}/NativeFoundationModelsNative\"\n\n# Copy the native binary into the app bundle\necho \"Creating Resources directory...\"\nmkdir -p \"${BUILT_PRODUCTS_DIR}/${PRODUCT_NAME}.app/Contents/Resources\"\n\nDEST_BINARY=\"${BUILT_PRODUCTS_DIR}/${PRODUCT_NAME}.app/Contents/Resources/nativefoundationmodels-native\"\n\nif [ -e \"$SOURCE_BINARY\" ]; then\n    echo \"Copying binary from: $SOURCE_BINARY\"\n    echo \"To: $DEST_BINARY\"\n    \n    # Use -L to follow symbolic links and -f to force overwrite\n    cp -Lf \"$SOURCE_BINARY\" \"$DEST_BINARY\"\n    \n    # Ensure the binary is executable\n    chmod +x \"$DEST_BINARY\"\n    \n    # Sign the binary with Hardened Runtime if we have a development team\n    if [ -n \"$DEVELOPMENT_TEAM\" ] && [ \"$CONFIGURATION\" = \"Release\" ]; then\n        echo \"Signing binary with Hardened Runtime...\"\n        codesign --force --sign \"${EXPANDED_CODE_SIGN_IDENTITY}\" --options runtime \"$DEST_BINARY\"\n        echo \"Binary signed successfully\"\n    fi\n    \n    echo \"Binary copied and made executable successfully\"\nelse\n    echo \"Error: Source binary not found at $SOURCE_BINARY\"\n    echo \"Available files in BUILT_PRODUCTS_DIR:\"\n    ls -la \"${BUILT_PRODUCTS_DIR}/\" || true\n    exit 1\nfi\n";
		};
/* End PBXShellScriptBuildPhase section */

/* Begin PBXSourcesBuildPhase section */
		5C2E354C2E16987100CB3A24 /* Sources */ = {
			isa = PBXSourcesBuildPhase;
			buildActionMask = 2147483647;
			files = (
				5C2E3EC52E1A055D00CB3A24 /* APIResponseFormatter.swift in Sources */,
				5C2E3EC62E1A055D00CB3A24 /* LanguageModelSession.swift in Sources */,
			);
			runOnlyForDeploymentPostprocessing = 0;
		};
		5C8B12382E1ABC1234567894 /* Sources */ = {
			isa = PBXSourcesBuildPhase;
			buildActionMask = 2147483647;
			files = (
				5C2E3EC72E1A055D00CB3A24 /* APIResponseFormatter.swift in Sources */,
				5C2E3EC82E1A055D00CB3A24 /* LanguageModelSession.swift in Sources */,
			);
			runOnlyForDeploymentPostprocessing = 0;
		};
		5CFFE6882E1303FB005BAD3F /* Sources */ = {
			isa = PBXSourcesBuildPhase;
			buildActionMask = 2147483647;
			files = (
			);
			runOnlyForDeploymentPostprocessing = 0;
		};
/* End PBXSourcesBuildPhase section */

/* Begin PBXTargetDependency section */
		5C2E35672E16987100CB3A24 /* PBXTargetDependency */ = {
			isa = PBXTargetDependency;
			target = 5C2E354F2E16987100CB3A24 /* SafariExtension */;
			targetProxy = 5C2E35662E16987100CB3A24 /* PBXContainerItemProxy */;
		};
		5C8B12412E1ABC1234567897 /* PBXTargetDependency */ = {
			isa = PBXTargetDependency;
			target = 5C8B12362E1ABC1234567892 /* NativeFoundationModelsNative */;
			targetProxy = 5C8B12402E1ABC1234567896 /* PBXContainerItemProxy */;
		};
/* End PBXTargetDependency section */

/* Begin XCBuildConfiguration section */
		5C2E356B2E16987100CB3A24 /* Debug */ = {
			isa = XCBuildConfiguration;
			buildSettings = {
				CLANG_ENABLE_MODULES = YES;
				CODE_SIGN_STYLE = Automatic;
				CURRENT_PROJECT_VERSION = 28;
				DEVELOPMENT_TEAM = 5KE88HWMKJ;
				ENABLE_APP_SANDBOX = YES;
				ENABLE_HARDENED_RUNTIME = YES;
				ENABLE_USER_SCRIPT_SANDBOXING = YES;
				ENABLE_USER_SELECTED_FILES = readonly;
				GENERATE_INFOPLIST_FILE = YES;
				INFOPLIST_FILE = SafariExtension/Info.plist;
				INFOPLIST_KEY_CFBundleDisplayName = "LocalLLM - SafariExtension";
				INFOPLIST_KEY_NSHumanReadableCopyright = "";
				LD_RUNPATH_SEARCH_PATHS = (
					"$(inherited)",
					"@executable_path/../Frameworks",
					"@executable_path/../../../../Frameworks",
				);
				MACOSX_DEPLOYMENT_TARGET = 26.0;
				MARKETING_VERSION = 1.0;
				OTHER_LDFLAGS = (
					"-framework",
					SafariServices,
				);
				PRODUCT_BUNDLE_IDENTIFIER = com.zats.NativeFoundationModels.SafariExtension;
				PRODUCT_NAME = "$(TARGET_NAME)";
				SKIP_INSTALL = YES;
				STRING_CATALOG_GENERATE_SYMBOLS = YES;
				SUPPORTED_PLATFORMS = "iphoneos iphonesimulator macosx";
				SUPPORTS_MACCATALYST = NO;
				SWIFT_EMIT_LOC_STRINGS = YES;
				SWIFT_OPTIMIZATION_LEVEL = "-Onone";
				SWIFT_UPCOMING_FEATURE_MEMBER_IMPORT_VISIBILITY = YES;
				SWIFT_VERSION = 5.0;
				TARGETED_DEVICE_FAMILY = "1,2";
			};
			name = Debug;
		};
		5C2E356C2E16987100CB3A24 /* Release */ = {
			isa = XCBuildConfiguration;
			buildSettings = {
				CLANG_ENABLE_MODULES = YES;
				CODE_SIGN_STYLE = Automatic;
				CURRENT_PROJECT_VERSION = 28;
				DEVELOPMENT_TEAM = 5KE88HWMKJ;
				ENABLE_APP_SANDBOX = YES;
				ENABLE_HARDENED_RUNTIME = YES;
				ENABLE_USER_SCRIPT_SANDBOXING = YES;
				ENABLE_USER_SELECTED_FILES = readonly;
				GENERATE_INFOPLIST_FILE = YES;
				INFOPLIST_FILE = SafariExtension/Info.plist;
				INFOPLIST_KEY_CFBundleDisplayName = "LocalLLM - SafariExtension";
				INFOPLIST_KEY_NSHumanReadableCopyright = "";
				LD_RUNPATH_SEARCH_PATHS = (
					"$(inherited)",
					"@executable_path/../Frameworks",
					"@executable_path/../../../../Frameworks",
				);
				MACOSX_DEPLOYMENT_TARGET = 26.0;
				MARKETING_VERSION = 1.0;
				OTHER_LDFLAGS = (
					"-framework",
					SafariServices,
				);
				PRODUCT_BUNDLE_IDENTIFIER = com.zats.NativeFoundationModels.SafariExtension;
				PRODUCT_NAME = "$(TARGET_NAME)";
				SKIP_INSTALL = YES;
				STRING_CATALOG_GENERATE_SYMBOLS = YES;
				SUPPORTED_PLATFORMS = "iphoneos iphonesimulator macosx";
				SUPPORTS_MACCATALYST = NO;
				SWIFT_EMIT_LOC_STRINGS = YES;
				SWIFT_UPCOMING_FEATURE_MEMBER_IMPORT_VISIBILITY = YES;
				SWIFT_VERSION = 5.0;
				TARGETED_DEVICE_FAMILY = "1,2";
			};
			name = Release;
		};
		5C8B123C2E1ABC1234567898 /* Debug */ = {
			isa = XCBuildConfiguration;
			buildSettings = {
				CLANG_ENABLE_MODULES = YES;
				CODE_SIGN_STYLE = Automatic;
				DEVELOPMENT_TEAM = 5KE88HWMKJ;
				ENABLE_HARDENED_RUNTIME = YES;
				ENABLE_USER_SCRIPT_SANDBOXING = YES;
				MACOSX_DEPLOYMENT_TARGET = 26.0;
				PRODUCT_NAME = "$(TARGET_NAME)";
				SWIFT_EMIT_LOC_STRINGS = YES;
				SWIFT_OPTIMIZATION_LEVEL = "-Onone";
				SWIFT_STRICT_CONCURRENCY = complete;
				SWIFT_UPCOMING_FEATURE_MEMBER_IMPORT_VISIBILITY = YES;
				SWIFT_VERSION = 6.0;
			};
			name = Debug;
		};
		5C8B123D2E1ABC1234567899 /* Release */ = {
			isa = XCBuildConfiguration;
			buildSettings = {
				CLANG_ENABLE_MODULES = YES;
				CODE_SIGN_STYLE = Automatic;
				DEVELOPMENT_TEAM = 5KE88HWMKJ;
				ENABLE_HARDENED_RUNTIME = YES;
				ENABLE_USER_SCRIPT_SANDBOXING = YES;
				MACOSX_DEPLOYMENT_TARGET = 26.0;
				PRODUCT_NAME = "$(TARGET_NAME)";
				SWIFT_EMIT_LOC_STRINGS = YES;
				SWIFT_OPTIMIZATION_LEVEL = "-O";
				SWIFT_STRICT_CONCURRENCY = complete;
				SWIFT_UPCOMING_FEATURE_MEMBER_IMPORT_VISIBILITY = YES;
				SWIFT_VERSION = 6.0;
				SWIFT_WHOLE_MODULE_OPTIMIZATION = YES;
			};
			name = Release;
		};
		5CFFE6952E1303FC005BAD3F /* Debug */ = {
			isa = XCBuildConfiguration;
			buildSettings = {
				ALWAYS_SEARCH_USER_PATHS = NO;
				ASSETCATALOG_COMPILER_GENERATE_SWIFT_ASSET_SYMBOL_EXTENSIONS = YES;
				CLANG_ANALYZER_NONNULL = YES;
				CLANG_ANALYZER_NUMBER_OBJECT_CONVERSION = YES_AGGRESSIVE;
				CLANG_CXX_LANGUAGE_STANDARD = "gnu++20";
				CLANG_ENABLE_MODULES = YES;
				CLANG_ENABLE_OBJC_ARC = YES;
				CLANG_ENABLE_OBJC_WEAK = YES;
				CLANG_WARN_BLOCK_CAPTURE_AUTORELEASING = YES;
				CLANG_WARN_BOOL_CONVERSION = YES;
				CLANG_WARN_COMMA = YES;
				CLANG_WARN_CONSTANT_CONVERSION = YES;
				CLANG_WARN_DEPRECATED_OBJC_IMPLEMENTATIONS = YES;
				CLANG_WARN_DIRECT_OBJC_ISA_USAGE = YES_ERROR;
				CLANG_WARN_DOCUMENTATION_COMMENTS = YES;
				CLANG_WARN_EMPTY_BODY = YES;
				CLANG_WARN_ENUM_CONVERSION = YES;
				CLANG_WARN_INFINITE_RECURSION = YES;
				CLANG_WARN_INT_CONVERSION = YES;
				CLANG_WARN_NON_LITERAL_NULL_CONVERSION = YES;
				CLANG_WARN_OBJC_IMPLICIT_RETAIN_SELF = YES;
				CLANG_WARN_OBJC_LITERAL_CONVERSION = YES;
				CLANG_WARN_OBJC_ROOT_CLASS = YES_ERROR;
				CLANG_WARN_QUOTED_INCLUDE_IN_FRAMEWORK_HEADER = YES;
				CLANG_WARN_RANGE_LOOP_ANALYSIS = YES;
				CLANG_WARN_STRICT_PROTOTYPES = YES;
				CLANG_WARN_SUSPICIOUS_MOVE = YES;
				CLANG_WARN_UNGUARDED_AVAILABILITY = YES_AGGRESSIVE;
				CLANG_WARN_UNREACHABLE_CODE = YES;
				CLANG_WARN__DUPLICATE_METHOD_MATCH = YES;
				COPY_PHASE_STRIP = NO;
				DEBUG_INFORMATION_FORMAT = dwarf;
				DEVELOPMENT_TEAM = 5KE88HWMKJ;
				ENABLE_HARDENED_RUNTIME = YES;
				ENABLE_STRICT_OBJC_MSGSEND = YES;
				ENABLE_TESTABILITY = YES;
				ENABLE_USER_SCRIPT_SANDBOXING = NO;
				GCC_C_LANGUAGE_STANDARD = gnu17;
				GCC_DYNAMIC_NO_PIC = NO;
				GCC_NO_COMMON_BLOCKS = YES;
				GCC_OPTIMIZATION_LEVEL = 0;
				GCC_PREPROCESSOR_DEFINITIONS = (
					"DEBUG=1",
					"$(inherited)",
				);
				GCC_WARN_64_TO_32_BIT_CONVERSION = YES;
				GCC_WARN_ABOUT_RETURN_TYPE = YES_ERROR;
				GCC_WARN_UNDECLARED_SELECTOR = YES;
				GCC_WARN_UNINITIALIZED_AUTOS = YES_AGGRESSIVE;
				GCC_WARN_UNUSED_FUNCTION = YES;
				GCC_WARN_UNUSED_VARIABLE = YES;
				INFOPLIST_KEY_CFBundleDisplayName = "Native Foundation Models";
				LOCALIZATION_PREFERS_STRING_CATALOGS = YES;
				MACOSX_DEPLOYMENT_TARGET = 26.0;
				MTL_ENABLE_DEBUG_INFO = INCLUDE_SOURCE;
				MTL_FAST_MATH = YES;
				ONLY_ACTIVE_ARCH = YES;
				SDKROOT = macosx;
				SWIFT_ACTIVE_COMPILATION_CONDITIONS = "DEBUG $(inherited)";
				SWIFT_OPTIMIZATION_LEVEL = "-Onone";
			};
			name = Debug;
		};
		5CFFE6962E1303FC005BAD3F /* Release */ = {
			isa = XCBuildConfiguration;
			buildSettings = {
				ALWAYS_SEARCH_USER_PATHS = NO;
				ASSETCATALOG_COMPILER_GENERATE_SWIFT_ASSET_SYMBOL_EXTENSIONS = YES;
				CLANG_ANALYZER_NONNULL = YES;
				CLANG_ANALYZER_NUMBER_OBJECT_CONVERSION = YES_AGGRESSIVE;
				CLANG_CXX_LANGUAGE_STANDARD = "gnu++20";
				CLANG_ENABLE_MODULES = YES;
				CLANG_ENABLE_OBJC_ARC = YES;
				CLANG_ENABLE_OBJC_WEAK = YES;
				CLANG_WARN_BLOCK_CAPTURE_AUTORELEASING = YES;
				CLANG_WARN_BOOL_CONVERSION = YES;
				CLANG_WARN_COMMA = YES;
				CLANG_WARN_CONSTANT_CONVERSION = YES;
				CLANG_WARN_DEPRECATED_OBJC_IMPLEMENTATIONS = YES;
				CLANG_WARN_DIRECT_OBJC_ISA_USAGE = YES_ERROR;
				CLANG_WARN_DOCUMENTATION_COMMENTS = YES;
				CLANG_WARN_EMPTY_BODY = YES;
				CLANG_WARN_ENUM_CONVERSION = YES;
				CLANG_WARN_INFINITE_RECURSION = YES;
				CLANG_WARN_INT_CONVERSION = YES;
				CLANG_WARN_NON_LITERAL_NULL_CONVERSION = YES;
				CLANG_WARN_OBJC_IMPLICIT_RETAIN_SELF = YES;
				CLANG_WARN_OBJC_LITERAL_CONVERSION = YES;
				CLANG_WARN_OBJC_ROOT_CLASS = YES_ERROR;
				CLANG_WARN_QUOTED_INCLUDE_IN_FRAMEWORK_HEADER = YES;
				CLANG_WARN_RANGE_LOOP_ANALYSIS = YES;
				CLANG_WARN_STRICT_PROTOTYPES = YES;
				CLANG_WARN_SUSPICIOUS_MOVE = YES;
				CLANG_WARN_UNGUARDED_AVAILABILITY = YES_AGGRESSIVE;
				CLANG_WARN_UNREACHABLE_CODE = YES;
				CLANG_WARN__DUPLICATE_METHOD_MATCH = YES;
				COPY_PHASE_STRIP = NO;
				DEBUG_INFORMATION_FORMAT = "dwarf-with-dsym";
				DEVELOPMENT_TEAM = 5KE88HWMKJ;
				ENABLE_HARDENED_RUNTIME = YES;
				ENABLE_NS_ASSERTIONS = NO;
				ENABLE_STRICT_OBJC_MSGSEND = YES;
				ENABLE_USER_SCRIPT_SANDBOXING = NO;
				GCC_C_LANGUAGE_STANDARD = gnu17;
				GCC_NO_COMMON_BLOCKS = YES;
				GCC_WARN_64_TO_32_BIT_CONVERSION = YES;
				GCC_WARN_ABOUT_RETURN_TYPE = YES_ERROR;
				GCC_WARN_UNDECLARED_SELECTOR = YES;
				GCC_WARN_UNINITIALIZED_AUTOS = YES_AGGRESSIVE;
				GCC_WARN_UNUSED_FUNCTION = YES;
				GCC_WARN_UNUSED_VARIABLE = YES;
				INFOPLIST_KEY_CFBundleDisplayName = "Native Foundation Models";
				LOCALIZATION_PREFERS_STRING_CATALOGS = YES;
				MACOSX_DEPLOYMENT_TARGET = 26.0;
				MTL_ENABLE_DEBUG_INFO = NO;
				MTL_FAST_MATH = YES;
				SDKROOT = macosx;
				SWIFT_COMPILATION_MODE = wholemodule;
			};
			name = Release;
		};
		5CFFE6982E1303FC005BAD3F /* Debug */ = {
			isa = XCBuildConfiguration;
			buildSettings = {
				ASSETCATALOG_COMPILER_APPICON_NAME = AppIcon;
				ASSETCATALOG_COMPILER_GLOBAL_ACCENT_COLOR_NAME = AccentColor;
				AUTOMATION_APPLE_EVENTS = NO;
				CODE_SIGN_STYLE = Automatic;
				COMBINE_HIDPI_IMAGES = YES;
				CURRENT_PROJECT_VERSION = 28;
				DEVELOPMENT_TEAM = 5KE88HWMKJ;
				"ENABLE_APP_SANDBOX[sdk=iphoneos*]" = YES;
				"ENABLE_APP_SANDBOX[sdk=iphonesimulator*]" = YES;
				"ENABLE_APP_SANDBOX[sdk=macosx*]" = NO;
				ENABLE_HARDENED_RUNTIME = YES;
				ENABLE_PREVIEWS = YES;
				ENABLE_RESOURCE_ACCESS_AUDIO_INPUT = NO;
				ENABLE_RESOURCE_ACCESS_CALENDARS = NO;
				ENABLE_RESOURCE_ACCESS_CAMERA = NO;
				ENABLE_RESOURCE_ACCESS_CONTACTS = NO;
				ENABLE_RESOURCE_ACCESS_LOCATION = NO;
				ENABLE_RESOURCE_ACCESS_PHOTO_LIBRARY = NO;
				ENABLE_USER_SELECTED_FILES = readonly;
				GENERATE_INFOPLIST_FILE = NO;
				INFOPLIST_FILE = NativeFoundationModels/Info.plist;
				INFOPLIST_KEY_CFBundleDisplayName = LocalLLM;
				INFOPLIST_KEY_NSHumanReadableCopyright = "";
				LD_RUNPATH_SEARCH_PATHS = (
					"$(inherited)",
					"@executable_path/../Frameworks",
				);
				MARKETING_VERSION = 1.0;
				PRODUCT_BUNDLE_IDENTIFIER = com.zats.NativeFoundationModels;
				PRODUCT_NAME = "$(TARGET_NAME)";
				REGISTER_APP_GROUPS = YES;
				RUNTIME_EXCEPTION_ALLOW_DYLD_ENVIRONMENT_VARIABLES = NO;
				RUNTIME_EXCEPTION_ALLOW_JIT = NO;
				RUNTIME_EXCEPTION_ALLOW_UNSIGNED_EXECUTABLE_MEMORY = NO;
				RUNTIME_EXCEPTION_DEBUGGING_TOOL = NO;
				RUNTIME_EXCEPTION_DISABLE_EXECUTABLE_PAGE_PROTECTION = NO;
				RUNTIME_EXCEPTION_DISABLE_LIBRARY_VALIDATION = NO;
				STRING_CATALOG_GENERATE_SYMBOLS = YES;
				SUPPORTED_PLATFORMS = "iphoneos iphonesimulator macosx";
				SUPPORTS_MACCATALYST = NO;
				SWIFT_DEFAULT_ACTOR_ISOLATION = MainActor;
				SWIFT_EMIT_LOC_STRINGS = YES;
				SWIFT_UPCOMING_FEATURE_MEMBER_IMPORT_VISIBILITY = YES;
				SWIFT_VERSION = 5.0;
				TARGETED_DEVICE_FAMILY = "1,2";
			};
			name = Debug;
		};
		5CFFE6992E1303FC005BAD3F /* Release */ = {
			isa = XCBuildConfiguration;
			buildSettings = {
				ASSETCATALOG_COMPILER_APPICON_NAME = AppIcon;
				ASSETCATALOG_COMPILER_GLOBAL_ACCENT_COLOR_NAME = AccentColor;
				AUTOMATION_APPLE_EVENTS = NO;
				CODE_SIGN_STYLE = Automatic;
				COMBINE_HIDPI_IMAGES = YES;
				CURRENT_PROJECT_VERSION = 28;
				DEVELOPMENT_TEAM = 5KE88HWMKJ;
				"ENABLE_APP_SANDBOX[sdk=iphoneos*]" = YES;
				"ENABLE_APP_SANDBOX[sdk=iphonesimulator*]" = YES;
				"ENABLE_APP_SANDBOX[sdk=macosx*]" = NO;
				ENABLE_HARDENED_RUNTIME = YES;
				ENABLE_PREVIEWS = YES;
				ENABLE_RESOURCE_ACCESS_AUDIO_INPUT = NO;
				ENABLE_RESOURCE_ACCESS_CALENDARS = NO;
				ENABLE_RESOURCE_ACCESS_CAMERA = NO;
				ENABLE_RESOURCE_ACCESS_CONTACTS = NO;
				ENABLE_RESOURCE_ACCESS_LOCATION = NO;
				ENABLE_RESOURCE_ACCESS_PHOTO_LIBRARY = NO;
				ENABLE_USER_SELECTED_FILES = readonly;
				GENERATE_INFOPLIST_FILE = NO;
				INFOPLIST_FILE = NativeFoundationModels/Info.plist;
				INFOPLIST_KEY_CFBundleDisplayName = LocalLLM;
				INFOPLIST_KEY_NSHumanReadableCopyright = "";
				LD_RUNPATH_SEARCH_PATHS = (
					"$(inherited)",
					"@executable_path/../Frameworks",
				);
				MARKETING_VERSION = 1.0;
				PRODUCT_BUNDLE_IDENTIFIER = com.zats.NativeFoundationModels;
				PRODUCT_NAME = "$(TARGET_NAME)";
				REGISTER_APP_GROUPS = YES;
				RUNTIME_EXCEPTION_ALLOW_DYLD_ENVIRONMENT_VARIABLES = NO;
				RUNTIME_EXCEPTION_ALLOW_JIT = NO;
				RUNTIME_EXCEPTION_ALLOW_UNSIGNED_EXECUTABLE_MEMORY = NO;
				RUNTIME_EXCEPTION_DEBUGGING_TOOL = NO;
				RUNTIME_EXCEPTION_DISABLE_EXECUTABLE_PAGE_PROTECTION = NO;
				RUNTIME_EXCEPTION_DISABLE_LIBRARY_VALIDATION = NO;
				STRING_CATALOG_GENERATE_SYMBOLS = YES;
				SUPPORTED_PLATFORMS = "iphoneos iphonesimulator macosx";
				SUPPORTS_MACCATALYST = NO;
				SWIFT_DEFAULT_ACTOR_ISOLATION = MainActor;
				SWIFT_EMIT_LOC_STRINGS = YES;
				SWIFT_UPCOMING_FEATURE_MEMBER_IMPORT_VISIBILITY = YES;
				SWIFT_VERSION = 5.0;
				TARGETED_DEVICE_FAMILY = "1,2";
			};
			name = Release;
		};
/* End XCBuildConfiguration section */

/* Begin XCConfigurationList section */
		5C2E356A2E16987100CB3A24 /* Build configuration list for PBXNativeTarget "SafariExtension" */ = {
			isa = XCConfigurationList;
			buildConfigurations = (
				5C2E356B2E16987100CB3A24 /* Debug */,
				5C2E356C2E16987100CB3A24 /* Release */,
			);
			defaultConfigurationIsVisible = 0;
			defaultConfigurationName = Release;
		};
		5C8B12372E1ABC1234567893 /* Build configuration list for PBXNativeTarget "NativeFoundationModelsNative" */ = {
			isa = XCConfigurationList;
			buildConfigurations = (
				5C8B123C2E1ABC1234567898 /* Debug */,
				5C8B123D2E1ABC1234567899 /* Release */,
			);
			defaultConfigurationIsVisible = 0;
			defaultConfigurationName = Release;
		};
		5CFFE6872E1303FB005BAD3F /* Build configuration list for PBXProject "LocalLLM" */ = {
			isa = XCConfigurationList;
			buildConfigurations = (
				5CFFE6952E1303FC005BAD3F /* Debug */,
				5CFFE6962E1303FC005BAD3F /* Release */,
			);
			defaultConfigurationIsVisible = 0;
			defaultConfigurationName = Release;
		};
		5CFFE6972E1303FC005BAD3F /* Build configuration list for PBXNativeTarget "LocalLLM" */ = {
			isa = XCConfigurationList;
			buildConfigurations = (
				5CFFE6982E1303FC005BAD3F /* Debug */,
				5CFFE6992E1303FC005BAD3F /* Release */,
			);
			defaultConfigurationIsVisible = 0;
			defaultConfigurationName = Release;
		};
/* End XCConfigurationList section */

/* Begin XCRemoteSwiftPackageReference section */
		5C2E34002E1547B900CB3A24 /* XCRemoteSwiftPackageReference "Sparkle" */ = {
			isa = XCRemoteSwiftPackageReference;
			repositoryURL = "https://github.com/sparkle-project/Sparkle";
			requirement = {
				kind = upToNextMajorVersion;
				minimumVersion = 2.7.1;
			};
		};
/* End XCRemoteSwiftPackageReference section */

/* Begin XCSwiftPackageProductDependency section */
		5C2E34012E1547B900CB3A24 /* Sparkle */ = {
			isa = XCSwiftPackageProductDependency;
			package = 5C2E34002E1547B900CB3A24 /* XCRemoteSwiftPackageReference "Sparkle" */;
			productName = Sparkle;
		};
/* End XCSwiftPackageProductDependency section */
	};
	rootObject = 5CFFE6842E1303FB005BAD3F /* Project object */;
}
